
Microsoft Visual Studio Solution File, Format Version 11.00
# Visual Studio 2010
Project("{FAE04EC0-301F-11D3-BF4B-00C04F79EFBC}") = "Samples.Oracle.Mars", "Samples.Oracle.Mars\Samples.Oracle.Mars.csproj", "{C39D461D-AE04-4DB7-875A-DCD7CE3D9C51}"
EndProject
Global
	GlobalSection(SolutionConfigurationPlatforms) = preSolution
		Debug|x86 = Debug|x86
		Release|x86 = Release|x86
	EndGlobalSection
	GlobalSection(ProjectConfigurationPlatforms) = postSolution
		{C39D461D-AE04-4DB7-875A-DCD7CE3D9C51}.Debug|x86.ActiveCfg = Debug|x86
		{C39D461D-AE04-4DB7-875A-DCD7CE3D9C51}.Debug|x86.Build.0 = Debug|x86
		{C39D461D-AE04-4DB7-875A-DCD7CE3D9C51}.Release|x86.ActiveCfg = Release|x86
		{C39D461D-AE04-4DB7-875A-DCD7CE3D9C51}.Release|x86.Build.0 = Release|x86
	EndGlobalSection
	GlobalSection(SolutionProperties) = preSolution
		HideSolutionNode = FALSE
	EndGlobalSection
EndGlobal
